// !$*UTF8*$!
{
	"archiveVersion" = "1";
	"classes" = {
	};
	"objectVersion" = "56";
	"objects" = {
		"639708BB72BC24C75690584B" = {
			"isa" = "PBXFileReference";
			"lastKnownFileType" = "sourcecode.swift";
			"path" = "AppStore.swift";
			"sourceTree" = "<group>";
		};
		"B9EE49C420D829C42C3E0068" = {
			"isa" = "PBXBuildFile";
			"fileRef" = "639708BB72BC24C75690584B";
		};
		"EA4130B010BC65D473E76BDE" = {
			"isa" = "PBXFileReference";
			"lastKnownFileType" = "sourcecode.swift";
			"path" = "Core/Progress.swift";
			"sourceTree" = "<group>";
		};
		"4780A999DADBE448EFE7D5BF" = {
			"isa" = "PBXBuildFile";
			"fileRef" = "EA4130B010BC65D473E76BDE";
		};
		"E5CE7A48448CA303C1E1A443" = {
			"isa" = "PBXFileReference";
			"lastKnownFileType" = "sourcecode.swift";
			"path" = "Core/Puzzle.swift";
			"sourceTree" = "<group>";
		};
		"C49A2BF1724BA48BCA9411B2" = {
			"isa" = "PBXBuildFile";
			"fileRef" = "E5CE7A48448CA303C1E1A443";
		};
		"C971988B532866C04E307841" = {
			"isa" = "PBXFileReference";
			"lastKnownFileType" = "sourcecode.swift";
			"path" = "Core/TileAppearance.swift";
			"sourceTree" = "<group>";
		};
		"B8E695E10AD97013B0294016" = {
			"isa" = "PBXBuildFile";
			"fileRef" = "C971988B532866C04E307841";
		};
		"6718621414D2928C9BECBD31" = {
			"isa" = "PBXFileReference";
			"lastKnownFileType" = "sourcecode.swift";
			"path" = "LumaLiltApp.swift";
			"sourceTree" = "<group>";
		};
		"FA37FAE353D4BEEE7ED08958" = {
			"isa" = "PBXBuildFile";
			"fileRef" = "6718621414D2928C9BECBD31";
		};
		"EFE3CBB6341DF04E891C5C34" = {
			"isa" = "PBXFileReference";
			"lastKnownFileType" = "sourcecode.swift";
			"path" = "Views/CollectionView.swift";
			"sourceTree" = "<group>";
		};
		"C331DEDD21C6F54CE01E5DF7" = {
			"isa" = "PBXBuildFile";
			"fileRef" = "EFE3CBB6341DF04E891C5C34";
		};
		"315EBE0C07C192DCE2AC5ECD" = {
			"isa" = "PBXFileReference";
			"lastKnownFileType" = "sourcecode.swift";
			"path" = "Views/GameView.swift";
			"sourceTree" = "<group>";
		};
		"772D6253D357E40859447DF3" = {
			"isa" = "PBXBuildFile";
			"fileRef" = "315EBE0C07C192DCE2AC5ECD";
		};
		"31B77F12145994CA52D99F65" = {
			"isa" = "PBXFileReference";
			"lastKnownFileType" = "sourcecode.swift";
			"path" = "Views/RootView.swift";
			"sourceTree" = "<group>";
		};
		"1AFAF316753937036444B38C" = {
			"isa" = "PBXBuildFile";
			"fileRef" = "31B77F12145994CA52D99F65";
		};
		"A6C5596B47BF9877714AFF01" = {
			"isa" = "PBXFileReference";
			"lastKnownFileType" = "sourcecode.swift";
			"path" = "Views/SettingsView.swift";
			"sourceTree" = "<group>";
		};
		"87B0EC27BA009E63333D91FF" = {
			"isa" = "PBXBuildFile";
			"fileRef" = "A6C5596B47BF9877714AFF01";
		};
		"97BC359B44C0C6FF7F4C6595" = {
			"isa" = "PBXFileReference";
			"lastKnownFileType" = "sourcecode.swift";
			"path" = "Views/Theme.swift";
			"sourceTree" = "<group>";
		};
		"2C3D9DE2AFFB1B50FEABCE93" = {
			"isa" = "PBXBuildFile";
			"fileRef" = "97BC359B44C0C6FF7F4C6595";
		};
		"28DCF63E1EB5F53BA96138B3" = {
			"isa" = "PBXFileReference";
			"lastKnownFileType" = "folder.assetcatalog";
			"path" = "Resources/Assets.xcassets";
			"sourceTree" = "<group>";
		};
		"4CD8D9B00B39BB0E6F3DF39F" = {
			"isa" = "PBXBuildFile";
			"fileRef" = "28DCF63E1EB5F53BA96138B3";
		};
		"5F2C0BAFF5ECE16FF3ADD729" = {
			"isa" = "PBXFileReference";
			"lastKnownFileType" = "text.xml";
			"path" = "Resources/PrivacyInfo.xcprivacy";
			"sourceTree" = "<group>";
		};
		"980B4856461FF70FF96A4132" = {
			"isa" = "PBXBuildFile";
			"fileRef" = "5F2C0BAFF5ECE16FF3ADD729";
		};
		"878A52FC5FF6A57D50B7B870" = {
			"isa" = "PBXGroup";
			"children" = (
				"639708BB72BC24C75690584B",
				"EA4130B010BC65D473E76BDE",
				"E5CE7A48448CA303C1E1A443",
				"C971988B532866C04E307841",
				"6718621414D2928C9BECBD31",
				"EFE3CBB6341DF04E891C5C34",
				"315EBE0C07C192DCE2AC5ECD",
				"31B77F12145994CA52D99F65",
				"A6C5596B47BF9877714AFF01",
				"97BC359B44C0C6FF7F4C6595",
				"28DCF63E1EB5F53BA96138B3",
				"5F2C0BAFF5ECE16FF3ADD729",
			);
			"path" = "LumaLilt";
			"sourceTree" = "<group>";
		};
		"D37B9395C2BAF168F977CE9F" = {
			"isa" = "PBXFileReference";
			"lastKnownFileType" = "sourcecode.swift";
			"path" = "PuzzleTests.swift";
			"sourceTree" = "<group>";
		};
		"781CAA6738A604344AE86EE3" = {
			"isa" = "PBXGroup";
			"children" = (
				"D37B9395C2BAF168F977CE9F",
			);
			"path" = "Tests";
			"sourceTree" = "<group>";
		};
		"587854A59EFBF8969CAFD37F" = {
			"isa" = "PBXBuildFile";
			"fileRef" = "D37B9395C2BAF168F977CE9F";
		};
		"681C948D238C526E9E3424E0" = {
			"isa" = "PBXFileReference";
			"explicitFileType" = "wrapper.application";
			"includeInIndex" = "0";
			"path" = "LumaLilt.app";
			"sourceTree" = "BUILT_PRODUCTS_DIR";
		};
		"F739566ED5280322FF98A798" = {
			"isa" = "PBXFileReference";
			"explicitFileType" = "wrapper.cfbundle";
			"includeInIndex" = "0";
			"path" = "LumaLiltTests.xctest";
			"sourceTree" = "BUILT_PRODUCTS_DIR";
		};
		"F5AAA54FC8DBBDA311930C37" = {
			"isa" = "PBXFileReference";
			"lastKnownFileType" = "sourcecode.swift";
			"path" = "GameplayUITests.swift";
			"sourceTree" = "<group>";
		};
		"ACDEE234B477E476F161B28D" = {
			"isa" = "PBXGroup";
			"children" = (
				"F5AAA54FC8DBBDA311930C37",
			);
			"path" = "UITests";
			"sourceTree" = "<group>";
		};
		"5EEBCA3A418C3EFA5178EB4C" = {
			"isa" = "PBXBuildFile";
			"fileRef" = "F5AAA54FC8DBBDA311930C37";
		};
		"93E46A602338E07A8524AEF6" = {
			"isa" = "PBXFileReference";
			"explicitFileType" = "wrapper.cfbundle";
			"includeInIndex" = "0";
			"path" = "LumaLiltUITests.xctest";
			"sourceTree" = "BUILT_PRODUCTS_DIR";
		};
		"0A3E27B8CA818264D75C8D81" = {
			"isa" = "PBXGroup";
			"children" = (
				"681C948D238C526E9E3424E0",
				"F739566ED5280322FF98A798",
				"93E46A602338E07A8524AEF6",
			);
			"name" = "Products";
			"sourceTree" = "<group>";
		};
		"0D6E4079E36703EBD37C0072" = {
			"isa" = "PBXGroup";
			"children" = (
				"878A52FC5FF6A57D50B7B870",
				"781CAA6738A604344AE86EE3",
				"ACDEE234B477E476F161B28D",
				"0A3E27B8CA818264D75C8D81",
			);
			"sourceTree" = "<group>";
		};
		"439A6DB817DA772CC2562F52" = {
			"isa" = "PBXSourcesBuildPhase";
			"buildActionMask" = "2147483647";
			"files" = (
				"B9EE49C420D829C42C3E0068",
				"4780A999DADBE448EFE7D5BF",
				"C49A2BF1724BA48BCA9411B2",
				"B8E695E10AD97013B0294016",
				"FA37FAE353D4BEEE7ED08958",
				"C331DEDD21C6F54CE01E5DF7",
				"772D6253D357E40859447DF3",
				"1AFAF316753937036444B38C",
				"87B0EC27BA009E63333D91FF",
				"2C3D9DE2AFFB1B50FEABCE93",
			);
			"runOnlyForDeploymentPostprocessing" = "0";
		};
		"36285B974DD621F74308750F" = {
			"isa" = "PBXFrameworksBuildPhase";
			"buildActionMask" = "2147483647";
			"files" = (
			);
			"runOnlyForDeploymentPostprocessing" = "0";
		};
		"0B9FE73CEE9FD1140E9E25ED" = {
			"isa" = "PBXResourcesBuildPhase";
			"buildActionMask" = "2147483647";
			"files" = (
				"4CD8D9B00B39BB0E6F3DF39F",
				"980B4856461FF70FF96A4132",
			);
			"runOnlyForDeploymentPostprocessing" = "0";
		};
		"CCB136CEF1EA22564FCF15C5" = {
			"isa" = "PBXSourcesBuildPhase";
			"buildActionMask" = "2147483647";
			"files" = (
				"587854A59EFBF8969CAFD37F",
			);
			"runOnlyForDeploymentPostprocessing" = "0";
		};
		"3D81ED674DDCC363E7780BE9" = {
			"isa" = "PBXFrameworksBuildPhase";
			"buildActionMask" = "2147483647";
			"files" = (
			);
			"runOnlyForDeploymentPostprocessing" = "0";
		};
		"7013BA37050D58AE7A3FB8FE" = {
			"isa" = "PBXResourcesBuildPhase";
			"buildActionMask" = "2147483647";
			"files" = (
			);
			"runOnlyForDeploymentPostprocessing" = "0";
		};
		"73EBF6644258C120893E685D" = {
			"isa" = "XCBuildConfiguration";
			"name" = "Debug";
			"buildSettings" = {
				"CLANG_ENABLE_MODULES" = "YES";
				"CLANG_ENABLE_OBJC_ARC" = "YES";
				"SWIFT_VERSION" = "5.0";
				"IPHONEOS_DEPLOYMENT_TARGET" = "16.0";
				"SDKROOT" = "iphoneos";
				"CODE_SIGN_STYLE" = "Automatic";
				"TARGETED_DEVICE_FAMILY" = "1,2";
				"SUPPORTED_PLATFORMS" = "iphoneos iphonesimulator";
				"CURRENT_PROJECT_VERSION" = "4";
				"MARKETING_VERSION" = "1.0";
				"ENABLE_USER_SCRIPT_SANDBOXING" = "YES";
				"SWIFT_OPTIMIZATION_LEVEL" = "-Onone";
				"DEBUG_INFORMATION_FORMAT" = "dwarf";
				"SWIFT_ACTIVE_COMPILATION_CONDITIONS" = "DEBUG $(inherited)";
				"ENABLE_TESTABILITY" = "YES";
			};
		};
		"0B0C687DF8B6B8DC790B519C" = {
			"isa" = "XCBuildConfiguration";
			"name" = "Release";
			"buildSettings" = {
				"CLANG_ENABLE_MODULES" = "YES";
				"CLANG_ENABLE_OBJC_ARC" = "YES";
				"SWIFT_VERSION" = "5.0";
				"IPHONEOS_DEPLOYMENT_TARGET" = "16.0";
				"SDKROOT" = "iphoneos";
				"CODE_SIGN_STYLE" = "Automatic";
				"TARGETED_DEVICE_FAMILY" = "1,2";
				"SUPPORTED_PLATFORMS" = "iphoneos iphonesimulator";
				"CURRENT_PROJECT_VERSION" = "4";
				"MARKETING_VERSION" = "1.0";
				"ENABLE_USER_SCRIPT_SANDBOXING" = "YES";
				"SWIFT_OPTIMIZATION_LEVEL" = "-O";
				"DEBUG_INFORMATION_FORMAT" = "dwarf-with-dsym";
			};
		};
		"76F8DEC3DFE0BDB465198890" = {
			"isa" = "XCConfigurationList";
			"buildConfigurations" = (
				"73EBF6644258C120893E685D",
				"0B0C687DF8B6B8DC790B519C",
			);
			"defaultConfigurationIsVisible" = "0";
			"defaultConfigurationName" = "Release";
		};
		"B00CCDD09424E369308D67FA" = {
			"isa" = "XCBuildConfiguration";
			"name" = "Debug";
			"buildSettings" = {
				"PRODUCT_BUNDLE_IDENTIFIER" = "com.mackinnontech.LumaLilt";
				"PRODUCT_NAME" = "$(TARGET_NAME)";
				"GENERATE_INFOPLIST_FILE" = "YES";
				"INFOPLIST_KEY_CFBundleDisplayName" = "LumaLilt";
				"INFOPLIST_KEY_LSApplicationCategoryType" = "public.app-category.puzzle-games";
				"INFOPLIST_KEY_ITSAppUsesNonExemptEncryption" = "NO";
				"INFOPLIST_KEY_UIApplicationSceneManifest_Generation" = "YES";
				"INFOPLIST_KEY_UILaunchScreen_Generation" = "YES";
				"INFOPLIST_KEY_UISupportedInterfaceOrientations_iPhone" = "UIInterfaceOrientationPortrait";
				"INFOPLIST_KEY_UISupportedInterfaceOrientations_iPad" = "UIInterfaceOrientationPortrait UIInterfaceOrientationPortraitUpsideDown UIInterfaceOrientationLandscapeLeft UIInterfaceOrientationLandscapeRight";
				"ASSETCATALOG_COMPILER_APPICON_NAME" = "AppIcon";
				"ASSETCATALOG_COMPILER_GLOBAL_ACCENT_COLOR_NAME" = "AccentColor";
				"SUPPORTS_MACCATALYST" = "YES";
				"DERIVE_MACCATALYST_PRODUCT_BUNDLE_IDENTIFIER" = "YES";
				"LD_RUNPATH_SEARCH_PATHS" = "$(inherited) @executable_path/Frameworks";
				"SWIFT_OPTIMIZATION_LEVEL" = "-Onone";
				"DEBUG_INFORMATION_FORMAT" = "dwarf";
				"SWIFT_ACTIVE_COMPILATION_CONDITIONS" = "DEBUG $(inherited)";
				"ENABLE_TESTABILITY" = "YES";
			};
		};
		"1B104479E55E37CF8A63CBDF" = {
			"isa" = "XCBuildConfiguration";
			"name" = "Release";
			"buildSettings" = {
				"PRODUCT_BUNDLE_IDENTIFIER" = "com.mackinnontech.LumaLilt";
				"PRODUCT_NAME" = "$(TARGET_NAME)";
				"GENERATE_INFOPLIST_FILE" = "YES";
				"INFOPLIST_KEY_CFBundleDisplayName" = "LumaLilt";
				"INFOPLIST_KEY_LSApplicationCategoryType" = "public.app-category.puzzle-games";
				"INFOPLIST_KEY_ITSAppUsesNonExemptEncryption" = "NO";
				"INFOPLIST_KEY_UIApplicationSceneManifest_Generation" = "YES";
				"INFOPLIST_KEY_UILaunchScreen_Generation" = "YES";
				"INFOPLIST_KEY_UISupportedInterfaceOrientations_iPhone" = "UIInterfaceOrientationPortrait";
				"INFOPLIST_KEY_UISupportedInterfaceOrientations_iPad" = "UIInterfaceOrientationPortrait UIInterfaceOrientationPortraitUpsideDown UIInterfaceOrientationLandscapeLeft UIInterfaceOrientationLandscapeRight";
				"ASSETCATALOG_COMPILER_APPICON_NAME" = "AppIcon";
				"ASSETCATALOG_COMPILER_GLOBAL_ACCENT_COLOR_NAME" = "AccentColor";
				"SUPPORTS_MACCATALYST" = "YES";
				"DERIVE_MACCATALYST_PRODUCT_BUNDLE_IDENTIFIER" = "YES";
				"LD_RUNPATH_SEARCH_PATHS" = "$(inherited) @executable_path/Frameworks";
				"SWIFT_OPTIMIZATION_LEVEL" = "-O";
				"DEBUG_INFORMATION_FORMAT" = "dwarf-with-dsym";
			};
		};
		"06CB67C35A91E16DBD17B949" = {
			"isa" = "XCConfigurationList";
			"buildConfigurations" = (
				"B00CCDD09424E369308D67FA",
				"1B104479E55E37CF8A63CBDF",
			);
			"defaultConfigurationIsVisible" = "0";
			"defaultConfigurationName" = "Release";
		};
		"22341BB87F410D35D057D37C" = {
			"isa" = "XCBuildConfiguration";
			"name" = "Debug";
			"buildSettings" = {
				"PRODUCT_BUNDLE_IDENTIFIER" = "com.mackinnontech.LumaLiltTests";
				"PRODUCT_NAME" = "$(TARGET_NAME)";
				"GENERATE_INFOPLIST_FILE" = "YES";
				"TEST_HOST" = "$(BUILT_PRODUCTS_DIR)/LumaLilt.app/$(BUNDLE_EXECUTABLE_FOLDER_PATH)/LumaLilt";
				"BUNDLE_LOADER" = "$(TEST_HOST)";
				"LD_RUNPATH_SEARCH_PATHS" = "$(inherited) @executable_path/Frameworks @loader_path/Frameworks";
				"SWIFT_OPTIMIZATION_LEVEL" = "-Onone";
				"DEBUG_INFORMATION_FORMAT" = "dwarf";
				"SWIFT_ACTIVE_COMPILATION_CONDITIONS" = "DEBUG $(inherited)";
				"ENABLE_TESTABILITY" = "YES";
			};
		};
		"A188B1844D481F2A55033242" = {
			"isa" = "XCBuildConfiguration";
			"name" = "Release";
			"buildSettings" = {
				"PRODUCT_BUNDLE_IDENTIFIER" = "com.mackinnontech.LumaLiltTests";
				"PRODUCT_NAME" = "$(TARGET_NAME)";
				"GENERATE_INFOPLIST_FILE" = "YES";
				"TEST_HOST" = "$(BUILT_PRODUCTS_DIR)/LumaLilt.app/$(BUNDLE_EXECUTABLE_FOLDER_PATH)/LumaLilt";
				"BUNDLE_LOADER" = "$(TEST_HOST)";
				"LD_RUNPATH_SEARCH_PATHS" = "$(inherited) @executable_path/Frameworks @loader_path/Frameworks";
				"SWIFT_OPTIMIZATION_LEVEL" = "-O";
				"DEBUG_INFORMATION_FORMAT" = "dwarf-with-dsym";
			};
		};
		"66347432B32AAA402CD1360D" = {
			"isa" = "XCConfigurationList";
			"buildConfigurations" = (
				"22341BB87F410D35D057D37C",
				"A188B1844D481F2A55033242",
			);
			"defaultConfigurationIsVisible" = "0";
			"defaultConfigurationName" = "Release";
		};
		"C1E9827DB735CA9BAA54A540" = {
			"isa" = "PBXNativeTarget";
			"buildConfigurationList" = "06CB67C35A91E16DBD17B949";
			"buildPhases" = (
				"439A6DB817DA772CC2562F52",
				"36285B974DD621F74308750F",
				"0B9FE73CEE9FD1140E9E25ED",
			);
			"buildRules" = (
			);
			"dependencies" = (
			);
			"name" = "LumaLilt";
			"productName" = "LumaLilt";
			"productReference" = "681C948D238C526E9E3424E0";
			"productType" = "com.apple.product-type.application";
		};
		"1241936D4DD3AAD68FE7BFBD" = {
			"isa" = "PBXContainerItemProxy";
			"containerPortal" = "244210E48437B6556980A702";
			"proxyType" = "1";
			"remoteGlobalIDString" = "C1E9827DB735CA9BAA54A540";
			"remoteInfo" = "LumaLilt";
		};
		"F26350DAFE3F19AABFD69AC4" = {
			"isa" = "PBXTargetDependency";
			"target" = "C1E9827DB735CA9BAA54A540";
			"targetProxy" = "1241936D4DD3AAD68FE7BFBD";
		};
		"9805CBD60EB4F66728D5D195" = {
			"isa" = "PBXNativeTarget";
			"buildConfigurationList" = "66347432B32AAA402CD1360D";
			"buildPhases" = (
				"CCB136CEF1EA22564FCF15C5",
				"3D81ED674DDCC363E7780BE9",
				"7013BA37050D58AE7A3FB8FE",
			);
			"buildRules" = (
			);
			"dependencies" = (
				"F26350DAFE3F19AABFD69AC4",
			);
			"name" = "LumaLiltTests";
			"productName" = "LumaLiltTests";
			"productReference" = "F739566ED5280322FF98A798";
			"productType" = "com.apple.product-type.bundle.unit-test";
		};
		"0DD3DE992460938D646D0955" = {
			"isa" = "XCBuildConfiguration";
			"name" = "Debug";
			"buildSettings" = {
				"PRODUCT_BUNDLE_IDENTIFIER" = "com.mackinnontech.LumaLiltUITests";
				"PRODUCT_NAME" = "$(TARGET_NAME)";
				"GENERATE_INFOPLIST_FILE" = "YES";
				"TEST_TARGET_NAME" = "LumaLilt";
				"LD_RUNPATH_SEARCH_PATHS" = "$(inherited) @executable_path/Frameworks @loader_path/Frameworks";
				"SWIFT_OPTIMIZATION_LEVEL" = "-Onone";
				"DEBUG_INFORMATION_FORMAT" = "dwarf";
				"SWIFT_ACTIVE_COMPILATION_CONDITIONS" = "DEBUG $(inherited)";
				"ENABLE_TESTABILITY" = "YES";
			};
		};
		"7401BF29D392476B2A97D8D5" = {
			"isa" = "XCBuildConfiguration";
			"name" = "Release";
			"buildSettings" = {
				"PRODUCT_BUNDLE_IDENTIFIER" = "com.mackinnontech.LumaLiltUITests";
				"PRODUCT_NAME" = "$(TARGET_NAME)";
				"GENERATE_INFOPLIST_FILE" = "YES";
				"TEST_TARGET_NAME" = "LumaLilt";
				"LD_RUNPATH_SEARCH_PATHS" = "$(inherited) @executable_path/Frameworks @loader_path/Frameworks";
				"SWIFT_OPTIMIZATION_LEVEL" = "-O";
				"DEBUG_INFORMATION_FORMAT" = "dwarf-with-dsym";
			};
		};
		"214585839C8B42C216D44279" = {
			"isa" = "XCConfigurationList";
			"buildConfigurations" = (
				"0DD3DE992460938D646D0955",
				"7401BF29D392476B2A97D8D5",
			);
			"defaultConfigurationIsVisible" = "0";
			"defaultConfigurationName" = "Release";
		};
		"B8DA836572759ACF367214FE" = {
			"isa" = "PBXSourcesBuildPhase";
			"buildActionMask" = "2147483647";
			"files" = (
				"5EEBCA3A418C3EFA5178EB4C",
			);
			"runOnlyForDeploymentPostprocessing" = "0";
		};
		"2EA6BF2DD62C5D03035644AD" = {
			"isa" = "PBXFrameworksBuildPhase";
			"buildActionMask" = "2147483647";
			"files" = (
			);
			"runOnlyForDeploymentPostprocessing" = "0";
		};
		"8C4D85C610FB9C3A07B11BC5" = {
			"isa" = "PBXResourcesBuildPhase";
			"buildActionMask" = "2147483647";
			"files" = (
			);
			"runOnlyForDeploymentPostprocessing" = "0";
		};
		"C972F427C0D501B6444DFE03" = {
			"isa" = "PBXNativeTarget";
			"buildConfigurationList" = "214585839C8B42C216D44279";
			"buildPhases" = (
				"B8DA836572759ACF367214FE",
				"2EA6BF2DD62C5D03035644AD",
				"8C4D85C610FB9C3A07B11BC5",
			);
			"buildRules" = (
			);
			"dependencies" = (
				"F26350DAFE3F19AABFD69AC4",
			);
			"name" = "LumaLiltUITests";
			"productName" = "LumaLiltUITests";
			"productReference" = "93E46A602338E07A8524AEF6";
			"productType" = "com.apple.product-type.bundle.ui-testing";
		};
		"244210E48437B6556980A702" = {
			"isa" = "PBXProject";
			"attributes" = {
				"BuildIndependentTargetsInParallel" = "YES";
				"LastUpgradeCheck" = "1600";
				"TargetAttributes" = {
					"C1E9827DB735CA9BAA54A540" = {
						"CreatedOnToolsVersion" = "16.0";
					};
					"9805CBD60EB4F66728D5D195" = {
						"CreatedOnToolsVersion" = "16.0";
						"TestTargetID" = "C1E9827DB735CA9BAA54A540";
					};
				};
			};
			"buildConfigurationList" = "76F8DEC3DFE0BDB465198890";
			"compatibilityVersion" = "Xcode 14.0";
			"developmentRegion" = "en";
			"hasScannedForEncodings" = "0";
			"knownRegions" = (
				"en",
				"Base",
			);
			"mainGroup" = "0D6E4079E36703EBD37C0072";
			"productRefGroup" = "0A3E27B8CA818264D75C8D81";
			"projectDirPath" = "";
			"projectRoot" = "";
			"targets" = (
				"C1E9827DB735CA9BAA54A540",
				"9805CBD60EB4F66728D5D195",
				"C972F427C0D501B6444DFE03",
			);
		};
	};
	"rootObject" = "244210E48437B6556980A702";
}
